
Microsoft Visual Studio Solution File, Format Version 12.00
# Visual Studio 15
VisualStudioVersion = 15.0.28010.2016
MinimumVisualStudioVersion = 10.0.40219.1
Project("{FAE04EC0-301F-11D3-BF4B-00C04F79EFBC}") = "ControlesComunes", "ControlesComunes\ControlesComunes.csproj", "{9B631A56-58A6-4F99-A095-32B20C8D2378}"
EndProject
Global
	GlobalSection(SolutionConfigurationPlatforms) = preSolution
		Debug|Any CPU = Debug|Any CPU
		Release|Any CPU = Release|Any CPU
	EndGlobalSection
	GlobalSection(ProjectConfigurationPlatforms) = postSolution
		{9B631A56-58A6-4F99-A095-32B20C8D2378}.Debug|Any CPU.ActiveCfg = Debug|Any CPU
		{9B631A56-58A6-4F99-A095-32B20C8D2378}.Debug|Any CPU.Build.0 = Debug|Any CPU
		{9B631A56-58A6-4F99-A095-32B20C8D2378}.Release|Any CPU.ActiveCfg = Release|Any CPU
		{9B631A56-58A6-4F99-A095-32B20C8D2378}.Release|Any CPU.Build.0 = Release|Any CPU
	EndGlobalSection
	GlobalSection(SolutionProperties) = preSolution
		HideSolutionNode = FALSE
	EndGlobalSection
	GlobalSection(ExtensibilityGlobals) = postSolution
		SolutionGuid = {2606A7C0-BD07-4223-961D-E0B92114402F}
	EndGlobalSection
EndGlobal
